
Microsoft Visual Studio Solution File, Format Version 12.00
# Visual Studio Version 17
VisualStudioVersion = 17.1.32328.378
MinimumVisualStudioVersion = 10.0.40219.1
Project("{FAE04EC0-301F-11D3-BF4B-00C04F79EFBC}") = "LoginWebForm", "LoginWebForm\LoginWebForm.csproj", "{8769C459-8BA4-4549-B866-3A3BC1C65C20}"
EndProject
Global
	GlobalSection(SolutionConfigurationPlatforms) = preSolution
		Debug|Any CPU = Debug|Any CPU
		Release|Any CPU = Release|Any CPU
	EndGlobalSection
	GlobalSection(ProjectConfigurationPlatforms) = postSolution
		{8769C459-8BA4-4549-B866-3A3BC1C65C20}.Debug|Any CPU.ActiveCfg = Debug|Any CPU
		{8769C459-8BA4-4549-B866-3A3BC1C65C20}.Debug|Any CPU.Build.0 = Debug|Any CPU
		{8769C459-8BA4-4549-B866-3A3BC1C65C20}.Release|Any CPU.ActiveCfg = Release|Any CPU
		{8769C459-8BA4-4549-B866-3A3BC1C65C20}.Release|Any CPU.Build.0 = Release|Any CPU
	EndGlobalSection
	GlobalSection(SolutionProperties) = preSolution
		HideSolutionNode = FALSE
	EndGlobalSection
	GlobalSection(ExtensibilityGlobals) = postSolution
		SolutionGuid = {80267576-3D51-4948-8540-81BBF24ABAE5}
	EndGlobalSection
EndGlobal
